
Microsoft Visual Studio Solution File, Format Version 12.00
# Visual Studio Version 17
VisualStudioVersion = 17.3.32929.385
MinimumVisualStudioVersion = 10.0.40219.1
Project("{888888A0-9F3D-457C-B088-3A5042F75D52}") = "'", "'.pyproj", "{6FD13AF8-8546-41DA-B224-7AA5612CD76C}"
EndProject
Global
	GlobalSection(SolutionConfigurationPlatforms) = preSolution
		Debug|Any CPU = Debug|Any CPU
		Release|Any CPU = Release|Any CPU
	EndGlobalSection
	GlobalSection(ProjectConfigurationPlatforms) = postSolution
		{6FD13AF8-8546-41DA-B224-7AA5612CD76C}.Debug|Any CPU.ActiveCfg = Debug|Any CPU
		{6FD13AF8-8546-41DA-B224-7AA5612CD76C}.Release|Any CPU.ActiveCfg = Release|Any CPU
	EndGlobalSection
	GlobalSection(SolutionProperties) = preSolution
		HideSolutionNode = FALSE
	EndGlobalSection
	GlobalSection(ExtensibilityGlobals) = postSolution
		SolutionGuid = {63324D89-1C59-40CE-97E9-E87AFF5754D7}
	EndGlobalSection
EndGlobal
